// !$*UTF8*$!
{
	archiveVersion = 1;
	classes = {
	};
	objectVersion = 48;
	objects = {

/* Begin PBXBuildFile section */
		40D0021654B8203893ABCA32 /* Pods_Karaoke.framework in Frameworks */ = {isa = PBXBuildFile; fileRef = E03B80C6636D0ADA2C97AA17 /* Pods_Karaoke.framework */; };
		7C25265864E3E46EBF4BFCE2 /* Pods_KaraokeTests.framework in Frameworks */ = {isa = PBXBuildFile; fileRef = 109C8A19C6D12E41C853287F /* Pods_KaraokeTests.framework */; };
		E565353520338921008F9D1C /* AppDelegate.swift in Sources */ = {isa = PBXBuildFile; fileRef = E565353420338921008F9D1C /* AppDelegate.swift */; };
		E565353C20338921008F9D1C /* Main.storyboard in Resources */ = {isa = PBXBuildFile; fileRef = E565353A20338921008F9D1C /* Main.storyboard */; };
		E565353E20338921008F9D1C /* Assets.xcassets in Resources */ = {isa = PBXBuildFile; fileRef = E565353D20338921008F9D1C /* Assets.xcassets */; };
		E565354120338921008F9D1C /* LaunchScreen.storyboard in Resources */ = {isa = PBXBuildFile; fileRef = E565353F20338921008F9D1C /* LaunchScreen.storyboard */; };
		E565354C20338922008F9D1C /* KaraokeTests.swift in Sources */ = {isa = PBXBuildFile; fileRef = E565354B20338922008F9D1C /* KaraokeTests.swift */; };
		E565355720338922008F9D1C /* KaraokeUITests.swift in Sources */ = {isa = PBXBuildFile; fileRef = E565355620338922008F9D1C /* KaraokeUITests.swift */; };
		E5A3493E208BB92B00D55518 /* WelcomViewController.swift in Sources */ = {isa = PBXBuildFile; fileRef = E5A3493D208BB92B00D55518 /* WelcomViewController.swift */; };
		E5A34940208BB93100D55518 /* LoginViewController.swift in Sources */ = {isa = PBXBuildFile; fileRef = E5A3493F208BB93100D55518 /* LoginViewController.swift */; };
		E5A34942208BB93700D55518 /* ProfileViewController.swift in Sources */ = {isa = PBXBuildFile; fileRef = E5A34941208BB93700D55518 /* ProfileViewController.swift */; };
		E5A34944208BB94200D55518 /* AlbumTableTableViewController.swift in Sources */ = {isa = PBXBuildFile; fileRef = E5A34943208BB94200D55518 /* AlbumTableTableViewController.swift */; };
		E5A34946208BB95F00D55518 /* ControlViewController.swift in Sources */ = {isa = PBXBuildFile; fileRef = E5A34945208BB95F00D55518 /* ControlViewController.swift */; };
		E5A34948208BB98000D55518 /* ConnectViewController.swift in Sources */ = {isa = PBXBuildFile; fileRef = E5A34947208BB98000D55518 /* ConnectViewController.swift */; };
		E5A3494D208BBE3500D55518 /* ConnectTableViewCell.swift in Sources */ = {isa = PBXBuildFile; fileRef = E5A3494C208BBE3500D55518 /* ConnectTableViewCell.swift */; };
		E5A34950208BD1A500D55518 /* AlbumTableViewCell.swift in Sources */ = {isa = PBXBuildFile; fileRef = E5A3494E208BD1A500D55518 /* AlbumTableViewCell.swift */; };
		E5A34951208BD1A500D55518 /* AlbumTableViewCell.xib in Resources */ = {isa = PBXBuildFile; fileRef = E5A3494F208BD1A500D55518 /* AlbumTableViewCell.xib */; };
		E5A34953208BD31F00D55518 /* UIViewExtension.swift in Sources */ = {isa = PBXBuildFile; fileRef = E5A34952208BD31F00D55518 /* UIViewExtension.swift */; };
		E5A34955208C116800D55518 /* SettingsTableViewController.swift in Sources */ = {isa = PBXBuildFile; fileRef = E5A34954208C116800D55518 /* SettingsTableViewController.swift */; };
		E5A34958208C11B200D55518 /* SettingsProfileTableViewCell.swift in Sources */ = {isa = PBXBuildFile; fileRef = E5A34956208C11B200D55518 /* SettingsProfileTableViewCell.swift */; };
		E5A34959208C11B200D55518 /* SettingsProfileTableViewCell.xib in Resources */ = {isa = PBXBuildFile; fileRef = E5A34957208C11B200D55518 /* SettingsProfileTableViewCell.xib */; };
		E5BFB321208E60D700183DBF /* AudioViewController.swift in Sources */ = {isa = PBXBuildFile; fileRef = E5BFB320208E60D700183DBF /* AudioViewController.swift */; };
		E5BFB3D0208FD6B800183DBF /* SingingViewController.mm in Sources */ = {isa = PBXBuildFile; fileRef = E5BFB3CF208FD6B800183DBF /* SingingViewController.mm */; };
		E5BFB3E8208FD74B00183DBF /* FIRFilter.cpp in Sources */ = {isa = PBXBuildFile; fileRef = E5BFB3D1208FD74700183DBF /* FIRFilter.cpp */; };
		E5BFB3E9208FD74B00183DBF /* SoundTouch.cpp in Sources */ = {isa = PBXBuildFile; fileRef = E5BFB3D2208FD74700183DBF /* SoundTouch.cpp */; };
		E5BFB3EA208FD74B00183DBF /* AAFilter.cpp in Sources */ = {isa = PBXBuildFile; fileRef = E5BFB3D3208FD74700183DBF /* AAFilter.cpp */; };
		E5BFB3EB208FD74B00183DBF /* FIFOSampleBuffer.cpp in Sources */ = {isa = PBXBuildFile; fileRef = E5BFB3D6208FD74800183DBF /* FIFOSampleBuffer.cpp */; };
		E5BFB3EC208FD74B00183DBF /* PeakFinder.cpp in Sources */ = {isa = PBXBuildFile; fileRef = E5BFB3D7208FD74800183DBF /* PeakFinder.cpp */; };
		E5BFB3ED208FD74B00183DBF /* RateTransposer.cpp in Sources */ = {isa = PBXBuildFile; fileRef = E5BFB3D8208FD74800183DBF /* RateTransposer.cpp */; };
		E5BFB3EE208FD74B00183DBF /* sse_optimized.cpp in Sources */ = {isa = PBXBuildFile; fileRef = E5BFB3DA208FD74800183DBF /* sse_optimized.cpp */; };
		E5BFB3EF208FD74B00183DBF /* cpu_detect_x86.cpp in Sources */ = {isa = PBXBuildFile; fileRef = E5BFB3DB208FD74800183DBF /* cpu_detect_x86.cpp */; };
		E5BFB3F0208FD74B00183DBF /* TDStretch.cpp in Sources */ = {isa = PBXBuildFile; fileRef = E5BFB3DF208FD74900183DBF /* TDStretch.cpp */; };
		E5BFB3F1208FD74B00183DBF /* BPMDetect.cpp in Sources */ = {isa = PBXBuildFile; fileRef = E5BFB3E2208FD74A00183DBF /* BPMDetect.cpp */; };
		E5BFB3F2208FD74B00183DBF /* mmx_optimized.cpp in Sources */ = {isa = PBXBuildFile; fileRef = E5BFB3E6208FD74A00183DBF /* mmx_optimized.cpp */; };
		E5BFB3F7208FDA9100183DBF /* MCAudioInputQueue.m in Sources */ = {isa = PBXBuildFile; fileRef = E5BFB3F5208FDA9100183DBF /* MCAudioInputQueue.m */; };
		E5BFB3F8208FDA9100183DBF /* AVAudioPlayer+PCM.m in Sources */ = {isa = PBXBuildFile; fileRef = E5BFB3F6208FDA9100183DBF /* AVAudioPlayer+PCM.m */; };
		E5BFB3FA208FEFE400183DBF /* SocketManager.swift in Sources */ = {isa = PBXBuildFile; fileRef = E5BFB3F9208FEFE400183DBF /* SocketManager.swift */; };
		E5BFB3FD2090089600183DBF /* WaveHeader.cpp in Sources */ = {isa = PBXBuildFile; fileRef = E5BFB3FB2090089600183DBF /* WaveHeader.cpp */; };
		E7CC819BF52032ED75BB45B6 /* Pods_KaraokeUITests.framework in Frameworks */ = {isa = PBXBuildFile; fileRef = 1965C82D35AAD6D4191CA24B /* Pods_KaraokeUITests.framework */; };
/* End PBXBuildFile section */

/* Begin PBXContainerItemProxy section */
		E565354820338922008F9D1C /* PBXContainerItemProxy */ = {
			isa = PBXContainerItemProxy;
			containerPortal = E565352920338921008F9D1C /* Project object */;
			proxyType = 1;
			remoteGlobalIDString = E565353020338921008F9D1C;
			remoteInfo = Karaoke;
		};
		E565355320338922008F9D1C /* PBXContainerItemProxy */ = {
			isa = PBXContainerItemProxy;
			containerPortal = E565352920338921008F9D1C /* Project object */;
			proxyType = 1;
			remoteGlobalIDString = E565353020338921008F9D1C;
			remoteInfo = Karaoke;
		};
/* End PBXContainerItemProxy section */

/* Begin PBXFileReference section */
		109C8A19C6D12E41C853287F /* Pods_KaraokeTests.framework */ = {isa = PBXFileReference; explicitFileType = wrapper.framework; includeInIndex = 0; path = Pods_KaraokeTests.framework; sourceTree = BUILT_PRODUCTS_DIR; };
		1965C82D35AAD6D4191CA24B /* Pods_KaraokeUITests.framework */ = {isa = PBXFileReference; explicitFileType = wrapper.framework; includeInIndex = 0; path = Pods_KaraokeUITests.framework; sourceTree = BUILT_PRODUCTS_DIR; };
		22EC56A76624872FD11CD432 /* Pods-KaraokeUITests.debug.xcconfig */ = {isa = PBXFileReference; includeInIndex = 1; lastKnownFileType = text.xcconfig; name = "Pods-KaraokeUITests.debug.xcconfig"; path = "Pods/Target Support Files/Pods-KaraokeUITests/Pods-KaraokeUITests.debug.xcconfig"; sourceTree = "<group>"; };
		42B3EF9185F20E0955F4B421 /* Pods-KaraokeTests.debug.xcconfig */ = {isa = PBXFileReference; includeInIndex = 1; lastKnownFileType = text.xcconfig; name = "Pods-KaraokeTests.debug.xcconfig"; path = "Pods/Target Support Files/Pods-KaraokeTests/Pods-KaraokeTests.debug.xcconfig"; sourceTree = "<group>"; };
		45A482926C6B6391AAFE1425 /* Pods-KaraokeTests.release.xcconfig */ = {isa = PBXFileReference; includeInIndex = 1; lastKnownFileType = text.xcconfig; name = "Pods-KaraokeTests.release.xcconfig"; path = "Pods/Target Support Files/Pods-KaraokeTests/Pods-KaraokeTests.release.xcconfig"; sourceTree = "<group>"; };
		4CAA26661B11D1CCA37C82CE /* Pods-Karaoke.release.xcconfig */ = {isa = PBXFileReference; includeInIndex = 1; lastKnownFileType = text.xcconfig; name = "Pods-Karaoke.release.xcconfig"; path = "Pods/Target Support Files/Pods-Karaoke/Pods-Karaoke.release.xcconfig"; sourceTree = "<group>"; };
		606DB893232364B5009C1C28 /* Pods-KaraokeUITests.release.xcconfig */ = {isa = PBXFileReference; includeInIndex = 1; lastKnownFileType = text.xcconfig; name = "Pods-KaraokeUITests.release.xcconfig"; path = "Pods/Target Support Files/Pods-KaraokeUITests/Pods-KaraokeUITests.release.xcconfig"; sourceTree = "<group>"; };
		9D3763A1457379430EE53FC2 /* Pods-Karaoke.debug.xcconfig */ = {isa = PBXFileReference; includeInIndex = 1; lastKnownFileType = text.xcconfig; name = "Pods-Karaoke.debug.xcconfig"; path = "Pods/Target Support Files/Pods-Karaoke/Pods-Karaoke.debug.xcconfig"; sourceTree = "<group>"; };
		E03B80C6636D0ADA2C97AA17 /* Pods_Karaoke.framework */ = {isa = PBXFileReference; explicitFileType = wrapper.framework; includeInIndex = 0; path = Pods_Karaoke.framework; sourceTree = BUILT_PRODUCTS_DIR; };
		E565353120338921008F9D1C /* Karaoke.app */ = {isa = PBXFileReference; explicitFileType = wrapper.application; includeInIndex = 0; path = Karaoke.app; sourceTree = BUILT_PRODUCTS_DIR; };
		E565353420338921008F9D1C /* AppDelegate.swift */ = {isa = PBXFileReference; lastKnownFileType = sourcecode.swift; path = AppDelegate.swift; sourceTree = "<group>"; };
		E565353B20338921008F9D1C /* Base */ = {isa = PBXFileReference; lastKnownFileType = file.storyboard; name = Base; path = Base.lproj/Main.storyboard; sourceTree = "<group>"; };
		E565353D20338921008F9D1C /* Assets.xcassets */ = {isa = PBXFileReference; lastKnownFileType = folder.assetcatalog; path = Assets.xcassets; sourceTree = "<group>"; };
		E565354020338921008F9D1C /* Base */ = {isa = PBXFileReference; lastKnownFileType = file.storyboard; name = Base; path = Base.lproj/LaunchScreen.storyboard; sourceTree = "<group>"; };
		E565354220338921008F9D1C /* Info.plist */ = {isa = PBXFileReference; lastKnownFileType = text.plist.xml; path = Info.plist; sourceTree = "<group>"; };
		E565354720338922008F9D1C /* KaraokeTests.xctest */ = {isa = PBXFileReference; explicitFileType = wrapper.cfbundle; includeInIndex = 0; path = KaraokeTests.xctest; sourceTree = BUILT_PRODUCTS_DIR; };
		E565354B20338922008F9D1C /* KaraokeTests.swift */ = {isa = PBXFileReference; lastKnownFileType = sourcecode.swift; path = KaraokeTests.swift; sourceTree = "<group>"; };
		E565354D20338922008F9D1C /* Info.plist */ = {isa = PBXFileReference; lastKnownFileType = text.plist.xml; path = Info.plist; sourceTree = "<group>"; };
		E565355220338922008F9D1C /* KaraokeUITests.xctest */ = {isa = PBXFileReference; explicitFileType = wrapper.cfbundle; includeInIndex = 0; path = KaraokeUITests.xctest; sourceTree = BUILT_PRODUCTS_DIR; };
		E565355620338922008F9D1C /* KaraokeUITests.swift */ = {isa = PBXFileReference; lastKnownFileType = sourcecode.swift; path = KaraokeUITests.swift; sourceTree = "<group>"; };
		E565355820338922008F9D1C /* Info.plist */ = {isa = PBXFileReference; lastKnownFileType = text.plist.xml; path = Info.plist; sourceTree = "<group>"; };
		E5A3493D208BB92B00D55518 /* WelcomViewController.swift */ = {isa = PBXFileReference; lastKnownFileType = sourcecode.swift; path = WelcomViewController.swift; sourceTree = "<group>"; };
		E5A3493F208BB93100D55518 /* LoginViewController.swift */ = {isa = PBXFileReference; lastKnownFileType = sourcecode.swift; path = LoginViewController.swift; sourceTree = "<group>"; };
		E5A34941208BB93700D55518 /* ProfileViewController.swift */ = {isa = PBXFileReference; lastKnownFileType = sourcecode.swift; path = ProfileViewController.swift; sourceTree = "<group>"; };
		E5A34943208BB94200D55518 /* AlbumTableTableViewController.swift */ = {isa = PBXFileReference; lastKnownFileType = sourcecode.swift; path = AlbumTableTableViewController.swift; sourceTree = "<group>"; };
		E5A34945208BB95F00D55518 /* ControlViewController.swift */ = {isa = PBXFileReference; lastKnownFileType = sourcecode.swift; path = ControlViewController.swift; sourceTree = "<group>"; };
		E5A34947208BB98000D55518 /* ConnectViewController.swift */ = {isa = PBXFileReference; lastKnownFileType = sourcecode.swift; path = ConnectViewController.swift; sourceTree = "<group>"; };
		E5A3494C208BBE3500D55518 /* ConnectTableViewCell.swift */ = {isa = PBXFileReference; lastKnownFileType = sourcecode.swift; path = ConnectTableViewCell.swift; sourceTree = "<group>"; };
		E5A3494E208BD1A500D55518 /* AlbumTableViewCell.swift */ = {isa = PBXFileReference; lastKnownFileType = sourcecode.swift; path = AlbumTableViewCell.swift; sourceTree = "<group>"; };
		E5A3494F208BD1A500D55518 /* AlbumTableViewCell.xib */ = {isa = PBXFileReference; lastKnownFileType = file.xib; path = AlbumTableViewCell.xib; sourceTree = "<group>"; };
		E5A34952208BD31F00D55518 /* UIViewExtension.swift */ = {isa = PBXFileReference; lastKnownFileType = sourcecode.swift; path = UIViewExtension.swift; sourceTree = "<group>"; };
		E5A34954208C116800D55518 /* SettingsTableViewController.swift */ = {isa = PBXFileReference; lastKnownFileType = sourcecode.swift; path = SettingsTableViewController.swift; sourceTree = "<group>"; };
		E5A34956208C11B200D55518 /* SettingsProfileTableViewCell.swift */ = {isa = PBXFileReference; lastKnownFileType = sourcecode.swift; path = SettingsProfileTableViewCell.swift; sourceTree = "<group>"; };
		E5A34957208C11B200D55518 /* SettingsProfileTableViewCell.xib */ = {isa = PBXFileReference; lastKnownFileType = file.xib; path = SettingsProfileTableViewCell.xib; sourceTree = "<group>"; };
		E5BFB319208E5F4000183DBF /* Karaoke-Bridging-Header.h */ = {isa = PBXFileReference; lastKnownFileType = sourcecode.c.h; path = "Karaoke-Bridging-Header.h"; sourceTree = "<group>"; };
		E5BFB320208E60D700183DBF /* AudioViewController.swift */ = {isa = PBXFileReference; lastKnownFileType = sourcecode.swift; path = AudioViewController.swift; sourceTree = "<group>"; };
		E5BFB3CE208FD6B800183DBF /* SingingViewController.h */ = {isa = PBXFileReference; fileEncoding = 4; lastKnownFileType = sourcecode.c.h; path = SingingViewController.h; sourceTree = "<group>"; };
		E5BFB3CF208FD6B800183DBF /* SingingViewController.mm */ = {isa = PBXFileReference; fileEncoding = 4; lastKnownFileType = sourcecode.cpp.objcpp; path = SingingViewController.mm; sourceTree = "<group>"; };
		E5BFB3D1208FD74700183DBF /* FIRFilter.cpp */ = {isa = PBXFileReference; fileEncoding = 4; lastKnownFileType = sourcecode.cpp.cpp; path = FIRFilter.cpp; sourceTree = "<group>"; };
		E5BFB3D2208FD74700183DBF /* SoundTouch.cpp */ = {isa = PBXFileReference; fileEncoding = 4; lastKnownFileType = sourcecode.cpp.cpp; path = SoundTouch.cpp; sourceTree = "<group>"; };
		E5BFB3D3208FD74700183DBF /* AAFilter.cpp */ = {isa = PBXFileReference; fileEncoding = 4; lastKnownFileType = sourcecode.cpp.cpp; path = AAFilter.cpp; sourceTree = "<group>"; };
		E5BFB3D4208FD74700183DBF /* SoundTouch.h */ = {isa = PBXFileReference; fileEncoding = 4; lastKnownFileType = sourcecode.c.h; path = SoundTouch.h; sourceTree = "<group>"; };
		E5BFB3D5208FD74800183DBF /* STTypes.h */ = {isa = PBXFileReference; fileEncoding = 4; lastKnownFileType = sourcecode.c.h; path = STTypes.h; sourceTree = "<group>"; };
		E5BFB3D6208FD74800183DBF /* FIFOSampleBuffer.cpp */ = {isa = PBXFileReference; fileEncoding = 4; lastKnownFileType = sourcecode.cpp.cpp; path = FIFOSampleBuffer.cpp; sourceTree = "<group>"; };
		E5BFB3D7208FD74800183DBF /* PeakFinder.cpp */ = {isa = PBXFileReference; fileEncoding = 4; lastKnownFileType = sourcecode.cpp.cpp; path = PeakFinder.cpp; sourceTree = "<group>"; };
		E5BFB3D8208FD74800183DBF /* RateTransposer.cpp */ = {isa = PBXFileReference; fileEncoding = 4; lastKnownFileType = sourcecode.cpp.cpp; path = RateTransposer.cpp; sourceTree = "<group>"; };
		E5BFB3D9208FD74800183DBF /* cpu_detect.h */ = {isa = PBXFileReference; fileEncoding = 4; lastKnownFileType = sourcecode.c.h; path = cpu_detect.h; sourceTree = "<group>"; };
		E5BFB3DA208FD74800183DBF /* sse_optimized.cpp */ = {isa = PBXFileReference; fileEncoding = 4; lastKnownFileType = sourcecode.cpp.cpp; path = sse_optimized.cpp; sourceTree = "<group>"; };
		E5BFB3DB208FD74800183DBF /* cpu_detect_x86.cpp */ = {isa = PBXFileReference; fileEncoding = 4; lastKnownFileType = sourcecode.cpp.cpp; path = cpu_detect_x86.cpp; sourceTree = "<group>"; };
		E5BFB3DC208FD74900183DBF /* BPMDetect.h */ = {isa = PBXFileReference; fileEncoding = 4; lastKnownFileType = sourcecode.c.h; path = BPMDetect.h; sourceTree = "<group>"; };
		E5BFB3DD208FD74900183DBF /* PeakFinder.h */ = {isa = PBXFileReference; fileEncoding = 4; lastKnownFileType = sourcecode.c.h; path = PeakFinder.h; sourceTree = "<group>"; };
		E5BFB3DE208FD74900183DBF /* RateTransposer.h */ = {isa = PBXFileReference; fileEncoding = 4; lastKnownFileType = sourcecode.c.h; path = RateTransposer.h; sourceTree = "<group>"; };
		E5BFB3DF208FD74900183DBF /* TDStretch.cpp */ = {isa = PBXFileReference; fileEncoding = 4; lastKnownFileType = sourcecode.cpp.cpp; path = TDStretch.cpp; sourceTree = "<group>"; };
		E5BFB3E0208FD74900183DBF /* FIFOSamplePipe.h */ = {isa = PBXFileReference; fileEncoding = 4; lastKnownFileType = sourcecode.c.h; path = FIFOSamplePipe.h; sourceTree = "<group>"; };
		E5BFB3E1208FD74900183DBF /* FIFOSampleBuffer.h */ = {isa = PBXFileReference; fileEncoding = 4; lastKnownFileType = sourcecode.c.h; path = FIFOSampleBuffer.h; sourceTree = "<group>"; };
		E5BFB3E2208FD74A00183DBF /* BPMDetect.cpp */ = {isa = PBXFileReference; fileEncoding = 4; lastKnownFileType = sourcecode.cpp.cpp; path = BPMDetect.cpp; sourceTree = "<group>"; };
		E5BFB3E3208FD74A00183DBF /* AAFilter.h */ = {isa = PBXFileReference; fileEncoding = 4; lastKnownFileType = sourcecode.c.h; path = AAFilter.h; sourceTree = "<group>"; };
		E5BFB3E4208FD74A00183DBF /* FIRFilter.h */ = {isa = PBXFileReference; fileEncoding = 4; lastKnownFileType = sourcecode.c.h; path = FIRFilter.h; sourceTree = "<group>"; };
		E5BFB3E5208FD74A00183DBF /* soundtouch_config.h */ = {isa = PBXFileReference; fileEncoding = 4; lastKnownFileType = sourcecode.c.h; path = soundtouch_config.h; sourceTree = "<group>"; };
		E5BFB3E6208FD74A00183DBF /* mmx_optimized.cpp */ = {isa = PBXFileReference; fileEncoding = 4; lastKnownFileType = sourcecode.cpp.cpp; path = mmx_optimized.cpp; sourceTree = "<group>"; };
		E5BFB3E7208FD74A00183DBF /* TDStretch.h */ = {isa = PBXFileReference; fileEncoding = 4; lastKnownFileType = sourcecode.c.h; path = TDStretch.h; sourceTree = "<group>"; };
		E5BFB3F3208FDA9100183DBF /* AVAudioPlayer+PCM.h */ = {isa = PBXFileReference; fileEncoding = 4; lastKnownFileType = sourcecode.c.h; path = "AVAudioPlayer+PCM.h"; sourceTree = "<group>"; };
		E5BFB3F4208FDA9100183DBF /* MCAudioInputQueue.h */ = {isa = PBXFileReference; fileEncoding = 4; lastKnownFileType = sourcecode.c.h; path = MCAudioInputQueue.h; sourceTree = "<group>"; };
		E5BFB3F5208FDA9100183DBF /* MCAudioInputQueue.m */ = {isa = PBXFileReference; fileEncoding = 4; lastKnownFileType = sourcecode.c.objc; path = MCAudioInputQueue.m; sourceTree = "<group>"; };
		E5BFB3F6208FDA9100183DBF /* AVAudioPlayer+PCM.m */ = {isa = PBXFileReference; fileEncoding = 4; lastKnownFileType = sourcecode.c.objc; path = "AVAudioPlayer+PCM.m"; sourceTree = "<group>"; };
		E5BFB3F9208FEFE400183DBF /* SocketManager.swift */ = {isa = PBXFileReference; lastKnownFileType = sourcecode.swift; path = SocketManager.swift; sourceTree = "<group>"; };
		E5BFB3FB2090089600183DBF /* WaveHeader.cpp */ = {isa = PBXFileReference; fileEncoding = 4; lastKnownFileType = sourcecode.cpp.cpp; path = WaveHeader.cpp; sourceTree = "<group>"; };
		E5BFB3FC2090089600183DBF /* WaveHeader.h */ = {isa = PBXFileReference; fileEncoding = 4; lastKnownFileType = sourcecode.c.h; path = WaveHeader.h; sourceTree = "<group>"; };
/* End PBXFileReference section */

/* Begin PBXFrameworksBuildPhase section */
		E565352E20338921008F9D1C /* Frameworks */ = {
			isa = PBXFrameworksBuildPhase;
			buildActionMask = 2147483647;
			files = (
				40D0021654B8203893ABCA32 /* Pods_Karaoke.framework in Frameworks */,
			);
			runOnlyForDeploymentPostprocessing = 0;
		};
		E565354420338922008F9D1C /* Frameworks */ = {
			isa = PBXFrameworksBuildPhase;
			buildActionMask = 2147483647;
			files = (
				7C25265864E3E46EBF4BFCE2 /* Pods_KaraokeTests.framework in Frameworks */,
			);
			runOnlyForDeploymentPostprocessing = 0;
		};
		E565354F20338922008F9D1C /* Frameworks */ = {
			isa = PBXFrameworksBuildPhase;
			buildActionMask = 2147483647;
			files = (
				E7CC819BF52032ED75BB45B6 /* Pods_KaraokeUITests.framework in Frameworks */,
			);
			runOnlyForDeploymentPostprocessing = 0;
		};
/* End PBXFrameworksBuildPhase section */

/* Begin PBXGroup section */
		90CFFFFB769EC3A826A22991 /* Frameworks */ = {
			isa = PBXGroup;
			children = (
				E03B80C6636D0ADA2C97AA17 /* Pods_Karaoke.framework */,
				109C8A19C6D12E41C853287F /* Pods_KaraokeTests.framework */,
				1965C82D35AAD6D4191CA24B /* Pods_KaraokeUITests.framework */,
			);
			name = Frameworks;
			sourceTree = "<group>";
		};
		955DD04FE30CC152C9E02EC8 /* Pods */ = {
			isa = PBXGroup;
			children = (
				9D3763A1457379430EE53FC2 /* Pods-Karaoke.debug.xcconfig */,
				4CAA26661B11D1CCA37C82CE /* Pods-Karaoke.release.xcconfig */,
				42B3EF9185F20E0955F4B421 /* Pods-KaraokeTests.debug.xcconfig */,
				45A482926C6B6391AAFE1425 /* Pods-KaraokeTests.release.xcconfig */,
				22EC56A76624872FD11CD432 /* Pods-KaraokeUITests.debug.xcconfig */,
				606DB893232364B5009C1C28 /* Pods-KaraokeUITests.release.xcconfig */,
			);
			name = Pods;
			sourceTree = "<group>";
		};
		E565352820338921008F9D1C = {
			isa = PBXGroup;
			children = (
				E565353320338921008F9D1C /* Karaoke */,
				E565354A20338922008F9D1C /* KaraokeTests */,
				E565355520338922008F9D1C /* KaraokeUITests */,
				E565353220338921008F9D1C /* Products */,
				955DD04FE30CC152C9E02EC8 /* Pods */,
				90CFFFFB769EC3A826A22991 /* Frameworks */,
			);
			sourceTree = "<group>";
		};
		E565353220338921008F9D1C /* Products */ = {
			isa = PBXGroup;
			children = (
				E565353120338921008F9D1C /* Karaoke.app */,
				E565354720338922008F9D1C /* KaraokeTests.xctest */,
				E565355220338922008F9D1C /* KaraokeUITests.xctest */,
			);
			name = Products;
			sourceTree = "<group>";
		};
		E565353320338921008F9D1C /* Karaoke */ = {
			isa = PBXGroup;
			children = (
				E5BFB3AB208FD64300183DBF /* SoundTouch */,
				E5BFB318208E5F2100183DBF /* Library */,
				E5A3494B208BB9B400D55518 /* ViewController */,
				E565353420338921008F9D1C /* AppDelegate.swift */,
				E565353A20338921008F9D1C /* Main.storyboard */,
				E565353D20338921008F9D1C /* Assets.xcassets */,
				E565353F20338921008F9D1C /* LaunchScreen.storyboard */,
				E565354220338921008F9D1C /* Info.plist */,
			);
			path = Karaoke;
			sourceTree = "<group>";
		};
		E565354A20338922008F9D1C /* KaraokeTests */ = {
			isa = PBXGroup;
			children = (
				E565354B20338922008F9D1C /* KaraokeTests.swift */,
				E565354D20338922008F9D1C /* Info.plist */,
			);
			path = KaraokeTests;
			sourceTree = "<group>";
		};
		E565355520338922008F9D1C /* KaraokeUITests */ = {
			isa = PBXGroup;
			children = (
				E565355620338922008F9D1C /* KaraokeUITests.swift */,
				E565355820338922008F9D1C /* Info.plist */,
			);
			path = KaraokeUITests;
			sourceTree = "<group>";
		};
		E5A3494B208BB9B400D55518 /* ViewController */ = {
			isa = PBXGroup;
			children = (
				E5A3493D208BB92B00D55518 /* WelcomViewController.swift */,
				E5A3493F208BB93100D55518 /* LoginViewController.swift */,
				E5A34952208BD31F00D55518 /* UIViewExtension.swift */,
				E5A34941208BB93700D55518 /* ProfileViewController.swift */,
				E5A34943208BB94200D55518 /* AlbumTableTableViewController.swift */,
				E5A34947208BB98000D55518 /* ConnectViewController.swift */,
				E5A3494C208BBE3500D55518 /* ConnectTableViewCell.swift */,
				E5BFB320208E60D700183DBF /* AudioViewController.swift */,
				E5A34945208BB95F00D55518 /* ControlViewController.swift */,
				E5A3494E208BD1A500D55518 /* AlbumTableViewCell.swift */,
				E5A3494F208BD1A500D55518 /* AlbumTableViewCell.xib */,
				E5A34954208C116800D55518 /* SettingsTableViewController.swift */,
				E5A34956208C11B200D55518 /* SettingsProfileTableViewCell.swift */,
				E5A34957208C11B200D55518 /* SettingsProfileTableViewCell.xib */,
				E5BFB3CE208FD6B800183DBF /* SingingViewController.h */,
				E5BFB3CF208FD6B800183DBF /* SingingViewController.mm */,
				E5BFB3F9208FEFE400183DBF /* SocketManager.swift */,
			);
			path = ViewController;
			sourceTree = "<group>";
		};
		E5BFB318208E5F2100183DBF /* Library */ = {
			isa = PBXGroup;
			children = (
				E5BFB3FB2090089600183DBF /* WaveHeader.cpp */,
				E5BFB3FC2090089600183DBF /* WaveHeader.h */,
				E5BFB3F3208FDA9100183DBF /* AVAudioPlayer+PCM.h */,
				E5BFB3F6208FDA9100183DBF /* AVAudioPlayer+PCM.m */,
				E5BFB3F4208FDA9100183DBF /* MCAudioInputQueue.h */,
				E5BFB3F5208FDA9100183DBF /* MCAudioInputQueue.m */,
				E5BFB319208E5F4000183DBF /* Karaoke-Bridging-Header.h */,
			);
			path = Library;
			sourceTree = "<group>";
		};
		E5BFB3AB208FD64300183DBF /* SoundTouch */ = {
			isa = PBXGroup;
			children = (
				E5BFB3D3208FD74700183DBF /* AAFilter.cpp */,
				E5BFB3E3208FD74A00183DBF /* AAFilter.h */,
				E5BFB3E2208FD74A00183DBF /* BPMDetect.cpp */,
				E5BFB3DC208FD74900183DBF /* BPMDetect.h */,
				E5BFB3DB208FD74800183DBF /* cpu_detect_x86.cpp */,
				E5BFB3D9208FD74800183DBF /* cpu_detect.h */,
				E5BFB3D6208FD74800183DBF /* FIFOSampleBuffer.cpp */,
				E5BFB3E1208FD74900183DBF /* FIFOSampleBuffer.h */,
				E5BFB3E0208FD74900183DBF /* FIFOSamplePipe.h */,
				E5BFB3D1208FD74700183DBF /* FIRFilter.cpp */,
				E5BFB3E4208FD74A00183DBF /* FIRFilter.h */,
				E5BFB3E6208FD74A00183DBF /* mmx_optimized.cpp */,
				E5BFB3D7208FD74800183DBF /* PeakFinder.cpp */,
				E5BFB3DD208FD74900183DBF /* PeakFinder.h */,
				E5BFB3D8208FD74800183DBF /* RateTransposer.cpp */,
				E5BFB3DE208FD74900183DBF /* RateTransposer.h */,
				E5BFB3E5208FD74A00183DBF /* soundtouch_config.h */,
				E5BFB3D2208FD74700183DBF /* SoundTouch.cpp */,
				E5BFB3D4208FD74700183DBF /* SoundTouch.h */,
				E5BFB3DA208FD74800183DBF /* sse_optimized.cpp */,
				E5BFB3D5208FD74800183DBF /* STTypes.h */,
				E5BFB3DF208FD74900183DBF /* TDStretch.cpp */,
				E5BFB3E7208FD74A00183DBF /* TDStretch.h */,
			);
			path = SoundTouch;
			sourceTree = "<group>";
		};
/* End PBXGroup section */

/* Begin PBXNativeTarget section */
		E565353020338921008F9D1C /* Karaoke */ = {
			isa = PBXNativeTarget;
			buildConfigurationList = E565355B20338922008F9D1C /* Build configuration list for PBXNativeTarget "Karaoke" */;
			buildPhases = (
				CE438A0E7F0AC7E234BBA1AE /* [CP] Check Pods Manifest.lock */,
				E565352D20338921008F9D1C /* Sources */,
				E565352E20338921008F9D1C /* Frameworks */,
				E565352F20338921008F9D1C /* Resources */,
				C0F6A057164664C94E5592B4 /* [CP] Embed Pods Frameworks */,
			);
			buildRules = (
			);
			dependencies = (
			);
			name = Karaoke;
			productName = Karaoke;
			productReference = E565353120338921008F9D1C /* Karaoke.app */;
			productType = "com.apple.product-type.application";
		};
		E565354620338922008F9D1C /* KaraokeTests */ = {
			isa = PBXNativeTarget;
			buildConfigurationList = E565355E20338922008F9D1C /* Build configuration list for PBXNativeTarget "KaraokeTests" */;
			buildPhases = (
				2C32ABFAC65A2B094A94C7B4 /* [CP] Check Pods Manifest.lock */,
				E565354320338922008F9D1C /* Sources */,
				E565354420338922008F9D1C /* Frameworks */,
				E565354520338922008F9D1C /* Resources */,
			);
			buildRules = (
			);
			dependencies = (
				E565354920338922008F9D1C /* PBXTargetDependency */,
			);
			name = KaraokeTests;
			productName = KaraokeTests;
			productReference = E565354720338922008F9D1C /* KaraokeTests.xctest */;
			productType = "com.apple.product-type.bundle.unit-test";
		};
		E565355120338922008F9D1C /* KaraokeUITests */ = {
			isa = PBXNativeTarget;
			buildConfigurationList = E565356120338922008F9D1C /* Build configuration list for PBXNativeTarget "KaraokeUITests" */;
			buildPhases = (
				2A1825614AE490EAC9709916 /* [CP] Check Pods Manifest.lock */,
				E565354E20338922008F9D1C /* Sources */,
				E565354F20338922008F9D1C /* Frameworks */,
				E565355020338922008F9D1C /* Resources */,
			);
			buildRules = (
			);
			dependencies = (
				E565355420338922008F9D1C /* PBXTargetDependency */,
			);
			name = KaraokeUITests;
			productName = KaraokeUITests;
			productReference = E565355220338922008F9D1C /* KaraokeUITests.xctest */;
			productType = "com.apple.product-type.bundle.ui-testing";
		};
/* End PBXNativeTarget section */

/* Begin PBXProject section */
		E565352920338921008F9D1C /* Project object */ = {
			isa = PBXProject;
			attributes = {
				LastSwiftUpdateCheck = 0920;
				LastUpgradeCheck = 0920;
				ORGANIZATIONNAME = cmu.edu;
				TargetAttributes = {
					E565353020338921008F9D1C = {
						CreatedOnToolsVersion = 9.2;
						LastSwiftMigration = 0930;
						ProvisioningStyle = Automatic;
					};
					E565354620338922008F9D1C = {
						CreatedOnToolsVersion = 9.2;
						ProvisioningStyle = Automatic;
						TestTargetID = E565353020338921008F9D1C;
					};
					E565355120338922008F9D1C = {
						CreatedOnToolsVersion = 9.2;
						ProvisioningStyle = Automatic;
						TestTargetID = E565353020338921008F9D1C;
					};
				};
			};
			buildConfigurationList = E565352C20338921008F9D1C /* Build configuration list for PBXProject "Karaoke" */;
			compatibilityVersion = "Xcode 8.0";
			developmentRegion = en;
			hasScannedForEncodings = 0;
			knownRegions = (
				en,
				Base,
			);
			mainGroup = E565352820338921008F9D1C;
			productRefGroup = E565353220338921008F9D1C /* Products */;
			projectDirPath = "";
			projectRoot = "";
			targets = (
				E565353020338921008F9D1C /* Karaoke */,
				E565354620338922008F9D1C /* KaraokeTests */,
				E565355120338922008F9D1C /* KaraokeUITests */,
			);
		};
/* End PBXProject section */

/* Begin PBXResourcesBuildPhase section */
		E565352F20338921008F9D1C /* Resources */ = {
			isa = PBXResourcesBuildPhase;
			buildActionMask = 2147483647;
			files = (
				E565354120338921008F9D1C /* LaunchScreen.storyboard in Resources */,
				E5A34959208C11B200D55518 /* SettingsProfileTableViewCell.xib in Resources */,
				E565353E20338921008F9D1C /* Assets.xcassets in Resources */,
				E565353C20338921008F9D1C /* Main.storyboard in Resources */,
				E5A34951208BD1A500D55518 /* AlbumTableViewCell.xib in Resources */,
			);
			runOnlyForDeploymentPostprocessing = 0;
		};
		E565354520338922008F9D1C /* Resources */ = {
			isa = PBXResourcesBuildPhase;
			buildActionMask = 2147483647;
			files = (
			);
			runOnlyForDeploymentPostprocessing = 0;
		};
		E565355020338922008F9D1C /* Resources */ = {
			isa = PBXResourcesBuildPhase;
			buildActionMask = 2147483647;
			files = (
			);
			runOnlyForDeploymentPostprocessing = 0;
		};
/* End PBXResourcesBuildPhase section */

/* Begin PBXShellScriptBuildPhase section */
		2A1825614AE490EAC9709916 /* [CP] Check Pods Manifest.lock */ = {
			isa = PBXShellScriptBuildPhase;
			buildActionMask = 2147483647;
			files = (
			);
			inputPaths = (
				"${PODS_PODFILE_DIR_PATH}/Podfile.lock",
				"${PODS_ROOT}/Manifest.lock",
			);
			name = "[CP] Check Pods Manifest.lock";
			outputPaths = (
				"$(DERIVED_FILE_DIR)/Pods-KaraokeUITests-checkManifestLockResult.txt",
			);
			runOnlyForDeploymentPostprocessing = 0;
			shellPath = /bin/sh;
			shellScript = "diff \"${PODS_PODFILE_DIR_PATH}/Podfile.lock\" \"${PODS_ROOT}/Manifest.lock\" > /dev/null\nif [ $? != 0 ] ; then\n    # print error to STDERR\n    echo \"error: The sandbox is not in sync with the Podfile.lock. Run 'pod install' or update your CocoaPods installation.\" >&2\n    exit 1\nfi\n# This output is used by Xcode 'outputs' to avoid re-running this script phase.\necho \"SUCCESS\" > \"${SCRIPT_OUTPUT_FILE_0}\"\n";
			showEnvVarsInLog = 0;
		};
		2C32ABFAC65A2B094A94C7B4 /* [CP] Check Pods Manifest.lock */ = {
			isa = PBXShellScriptBuildPhase;
			buildActionMask = 2147483647;
			files = (
			);
			inputPaths = (
				"${PODS_PODFILE_DIR_PATH}/Podfile.lock",
				"${PODS_ROOT}/Manifest.lock",
			);
			name = "[CP] Check Pods Manifest.lock";
			outputPaths = (
				"$(DERIVED_FILE_DIR)/Pods-KaraokeTests-checkManifestLockResult.txt",
			);
			runOnlyForDeploymentPostprocessing = 0;
			shellPath = /bin/sh;
			shellScript = "diff \"${PODS_PODFILE_DIR_PATH}/Podfile.lock\" \"${PODS_ROOT}/Manifest.lock\" > /dev/null\nif [ $? != 0 ] ; then\n    # print error to STDERR\n    echo \"error: The sandbox is not in sync with the Podfile.lock. Run 'pod install' or update your CocoaPods installation.\" >&2\n    exit 1\nfi\n# This output is used by Xcode 'outputs' to avoid re-running this script phase.\necho \"SUCCESS\" > \"${SCRIPT_OUTPUT_FILE_0}\"\n";
			showEnvVarsInLog = 0;
		};
		C0F6A057164664C94E5592B4 /* [CP] Embed Pods Frameworks */ = {
			isa = PBXShellScriptBuildPhase;
			buildActionMask = 2147483647;
			files = (
			);
			inputPaths = (
				"${SRCROOT}/Pods/Target Support Files/Pods-Karaoke/Pods-Karaoke-frameworks.sh",
				"${BUILT_PRODUCTS_DIR}/CocoaAsyncSocket/CocoaAsyncSocket.framework",
				"${BUILT_PRODUCTS_DIR}/SnapKit/SnapKit.framework",
				"${BUILT_PRODUCTS_DIR}/SwipeCellKit/SwipeCellKit.framework",
			);
			name = "[CP] Embed Pods Frameworks";
			outputPaths = (
				"${TARGET_BUILD_DIR}/${FRAMEWORKS_FOLDER_PATH}/CocoaAsyncSocket.framework",
				"${TARGET_BUILD_DIR}/${FRAMEWORKS_FOLDER_PATH}/SnapKit.framework",
				"${TARGET_BUILD_DIR}/${FRAMEWORKS_FOLDER_PATH}/SwipeCellKit.framework",
			);
			runOnlyForDeploymentPostprocessing = 0;
			shellPath = /bin/sh;
			shellScript = "\"${SRCROOT}/Pods/Target Support Files/Pods-Karaoke/Pods-Karaoke-frameworks.sh\"\n";
			showEnvVarsInLog = 0;
		};
		CE438A0E7F0AC7E234BBA1AE /* [CP] Check Pods Manifest.lock */ = {
			isa = PBXShellScriptBuildPhase;
			buildActionMask = 2147483647;
			files = (
			);
			inputPaths = (
				"${PODS_PODFILE_DIR_PATH}/Podfile.lock",
				"${PODS_ROOT}/Manifest.lock",
			);
			name = "[CP] Check Pods Manifest.lock";
			outputPaths = (
				"$(DERIVED_FILE_DIR)/Pods-Karaoke-checkManifestLockResult.txt",
			);
			runOnlyForDeploymentPostprocessing = 0;
			shellPath = /bin/sh;
			shellScript = "diff \"${PODS_PODFILE_DIR_PATH}/Podfile.lock\" \"${PODS_ROOT}/Manifest.lock\" > /dev/null\nif [ $? != 0 ] ; then\n    # print error to STDERR\n    echo \"error: The sandbox is not in sync with the Podfile.lock. Run 'pod install' or update your CocoaPods installation.\" >&2\n    exit 1\nfi\n# This output is used by Xcode 'outputs' to avoid re-running this script phase.\necho \"SUCCESS\" > \"${SCRIPT_OUTPUT_FILE_0}\"\n";
			showEnvVarsInLog = 0;
		};
/* End PBXShellScriptBuildPhase section */

/* Begin PBXSourcesBuildPhase section */
		E565352D20338921008F9D1C /* Sources */ = {
			isa = PBXSourcesBuildPhase;
			buildActionMask = 2147483647;
			files = (
				E5BFB3EF208FD74B00183DBF /* cpu_detect_x86.cpp in Sources */,
				E5BFB3EC208FD74B00183DBF /* PeakFinder.cpp in Sources */,
				E5BFB3FA208FEFE400183DBF /* SocketManager.swift in Sources */,
				E5BFB3F2208FD74B00183DBF /* mmx_optimized.cpp in Sources */,
				E5BFB3EB208FD74B00183DBF /* FIFOSampleBuffer.cpp in Sources */,
				E5A34942208BB93700D55518 /* ProfileViewController.swift in Sources */,
				E5BFB3F7208FDA9100183DBF /* MCAudioInputQueue.m in Sources */,
				E565353520338921008F9D1C /* AppDelegate.swift in Sources */,
				E5BFB3E8208FD74B00183DBF /* FIRFilter.cpp in Sources */,
				E5BFB3EA208FD74B00183DBF /* AAFilter.cpp in Sources */,
				E5BFB3F8208FDA9100183DBF /* AVAudioPlayer+PCM.m in Sources */,
				E5A34958208C11B200D55518 /* SettingsProfileTableViewCell.swift in Sources */,
				E5BFB3E9208FD74B00183DBF /* SoundTouch.cpp in Sources */,
				E5A34953208BD31F00D55518 /* UIViewExtension.swift in Sources */,
				E5BFB321208E60D700183DBF /* AudioViewController.swift in Sources */,
				E5BFB3F1208FD74B00183DBF /* BPMDetect.cpp in Sources */,
				E5A34955208C116800D55518 /* SettingsTableViewController.swift in Sources */,
				E5BFB3FD2090089600183DBF /* WaveHeader.cpp in Sources */,
				E5BFB3EE208FD74B00183DBF /* sse_optimized.cpp in Sources */,
				E5A3494D208BBE3500D55518 /* ConnectTableViewCell.swift in Sources */,
				E5A34940208BB93100D55518 /* LoginViewController.swift in Sources */,
				E5BFB3ED208FD74B00183DBF /* RateTransposer.cpp in Sources */,
				E5A34950208BD1A500D55518 /* AlbumTableViewCell.swift in Sources */,
				E5A34944208BB94200D55518 /* AlbumTableTableViewController.swift in Sources */,
				E5A34948208BB98000D55518 /* ConnectViewController.swift in Sources */,
				E5A34946208BB95F00D55518 /* ControlViewController.swift in Sources */,
				E5A3493E208BB92B00D55518 /* WelcomViewController.swift in Sources */,
				E5BFB3F0208FD74B00183DBF /* TDStretch.cpp in Sources */,
				E5BFB3D0208FD6B800183DBF /* SingingViewController.mm in Sources */,
			);
			runOnlyForDeploymentPostprocessing = 0;
		};
		E565354320338922008F9D1C /* Sources */ = {
			isa = PBXSourcesBuildPhase;
			buildActionMask = 2147483647;
			files = (
				E565354C20338922008F9D1C /* KaraokeTests.swift in Sources */,
			);
			runOnlyForDeploymentPostprocessing = 0;
		};
		E565354E20338922008F9D1C /* Sources */ = {
			isa = PBXSourcesBuildPhase;
			buildActionMask = 2147483647;
			files = (
				E565355720338922008F9D1C /* KaraokeUITests.swift in Sources */,
			);
			runOnlyForDeploymentPostprocessing = 0;
		};
/* End PBXSourcesBuildPhase section */

/* Begin PBXTargetDependency section */
		E565354920338922008F9D1C /* PBXTargetDependency */ = {
			isa = PBXTargetDependency;
			target = E565353020338921008F9D1C /* Karaoke */;
			targetProxy = E565354820338922008F9D1C /* PBXContainerItemProxy */;
		};
		E565355420338922008F9D1C /* PBXTargetDependency */ = {
			isa = PBXTargetDependency;
			target = E565353020338921008F9D1C /* Karaoke */;
			targetProxy = E565355320338922008F9D1C /* PBXContainerItemProxy */;
		};
/* End PBXTargetDependency section */

/* Begin PBXVariantGroup section */
		E565353A20338921008F9D1C /* Main.storyboard */ = {
			isa = PBXVariantGroup;
			children = (
				E565353B20338921008F9D1C /* Base */,
			);
			name = Main.storyboard;
			sourceTree = "<group>";
		};
		E565353F20338921008F9D1C /* LaunchScreen.storyboard */ = {
			isa = PBXVariantGroup;
			children = (
				E565354020338921008F9D1C /* Base */,
			);
			name = LaunchScreen.storyboard;
			sourceTree = "<group>";
		};
/* End PBXVariantGroup section */

/* Begin XCBuildConfiguration section */
		E565355920338922008F9D1C /* Debug */ = {
			isa = XCBuildConfiguration;
			buildSettings = {
				ALWAYS_SEARCH_USER_PATHS = NO;
				CLANG_ANALYZER_NONNULL = YES;
				CLANG_ANALYZER_NUMBER_OBJECT_CONVERSION = YES_AGGRESSIVE;
				CLANG_CXX_LANGUAGE_STANDARD = "gnu++14";
				CLANG_CXX_LIBRARY = "libc++";
				CLANG_ENABLE_MODULES = YES;
				CLANG_ENABLE_OBJC_ARC = YES;
				CLANG_WARN_BLOCK_CAPTURE_AUTORELEASING = YES;
				CLANG_WARN_BOOL_CONVERSION = YES;
				CLANG_WARN_COMMA = YES;
				CLANG_WARN_CONSTANT_CONVERSION = YES;
				CLANG_WARN_DIRECT_OBJC_ISA_USAGE = YES_ERROR;
				CLANG_WARN_DOCUMENTATION_COMMENTS = YES;
				CLANG_WARN_EMPTY_BODY = YES;
				CLANG_WARN_ENUM_CONVERSION = YES;
				CLANG_WARN_INFINITE_RECURSION = YES;
				CLANG_WARN_INT_CONVERSION = YES;
				CLANG_WARN_NON_LITERAL_NULL_CONVERSION = YES;
				CLANG_WARN_OBJC_LITERAL_CONVERSION = YES;
				CLANG_WARN_OBJC_ROOT_CLASS = YES_ERROR;
				CLANG_WARN_RANGE_LOOP_ANALYSIS = YES;
				CLANG_WARN_STRICT_PROTOTYPES = YES;
				CLANG_WARN_SUSPICIOUS_MOVE = YES;
				CLANG_WARN_UNGUARDED_AVAILABILITY = YES_AGGRESSIVE;
				CLANG_WARN_UNREACHABLE_CODE = YES;
				CLANG_WARN__DUPLICATE_METHOD_MATCH = YES;
				CODE_SIGN_IDENTITY = "iPhone Developer";
				COPY_PHASE_STRIP = NO;
				DEBUG_INFORMATION_FORMAT = dwarf;
				ENABLE_STRICT_OBJC_MSGSEND = YES;
				ENABLE_TESTABILITY = YES;
				GCC_C_LANGUAGE_STANDARD = gnu11;
				GCC_DYNAMIC_NO_PIC = NO;
				GCC_NO_COMMON_BLOCKS = YES;
				GCC_OPTIMIZATION_LEVEL = 0;
				GCC_PREPROCESSOR_DEFINITIONS = (
					"DEBUG=1",
					"$(inherited)",
				);
				GCC_WARN_64_TO_32_BIT_CONVERSION = YES;
				GCC_WARN_ABOUT_RETURN_TYPE = YES_ERROR;
				GCC_WARN_UNDECLARED_SELECTOR = YES;
				GCC_WARN_UNINITIALIZED_AUTOS = YES_AGGRESSIVE;
				GCC_WARN_UNUSED_FUNCTION = YES;
				GCC_WARN_UNUSED_VARIABLE = YES;
				IPHONEOS_DEPLOYMENT_TARGET = 11.2;
				MTL_ENABLE_DEBUG_INFO = YES;
				ONLY_ACTIVE_ARCH = YES;
				SDKROOT = iphoneos;
				SWIFT_ACTIVE_COMPILATION_CONDITIONS = DEBUG;
				SWIFT_OPTIMIZATION_LEVEL = "-Onone";
			};
			name = Debug;
		};
		E565355A20338922008F9D1C /* Release */ = {
			isa = XCBuildConfiguration;
			buildSettings = {
				ALWAYS_SEARCH_USER_PATHS = NO;
				CLANG_ANALYZER_NONNULL = YES;
				CLANG_ANALYZER_NUMBER_OBJECT_CONVERSION = YES_AGGRESSIVE;
				CLANG_CXX_LANGUAGE_STANDARD = "gnu++14";
				CLANG_CXX_LIBRARY = "libc++";
				CLANG_ENABLE_MODULES = YES;
				CLANG_ENABLE_OBJC_ARC = YES;
				CLANG_WARN_BLOCK_CAPTURE_AUTORELEASING = YES;
				CLANG_WARN_BOOL_CONVERSION = YES;
				CLANG_WARN_COMMA = YES;
				CLANG_WARN_CONSTANT_CONVERSION = YES;
				CLANG_WARN_DIRECT_OBJC_ISA_USAGE = YES_ERROR;
				CLANG_WARN_DOCUMENTATION_COMMENTS = YES;
				CLANG_WARN_EMPTY_BODY = YES;
				CLANG_WARN_ENUM_CONVERSION = YES;
				CLANG_WARN_INFINITE_RECURSION = YES;
				CLANG_WARN_INT_CONVERSION = YES;
				CLANG_WARN_NON_LITERAL_NULL_CONVERSION = YES;
				CLANG_WARN_OBJC_LITERAL_CONVERSION = YES;
				CLANG_WARN_OBJC_ROOT_CLASS = YES_ERROR;
				CLANG_WARN_RANGE_LOOP_ANALYSIS = YES;
				CLANG_WARN_STRICT_PROTOTYPES = YES;
				CLANG_WARN_SUSPICIOUS_MOVE = YES;
				CLANG_WARN_UNGUARDED_AVAILABILITY = YES_AGGRESSIVE;
				CLANG_WARN_UNREACHABLE_CODE = YES;
				CLANG_WARN__DUPLICATE_METHOD_MATCH = YES;
				CODE_SIGN_IDENTITY = "iPhone Developer";
				COPY_PHASE_STRIP = NO;
				DEBUG_INFORMATION_FORMAT = "dwarf-with-dsym";
				ENABLE_NS_ASSERTIONS = NO;
				ENABLE_STRICT_OBJC_MSGSEND = YES;
				GCC_C_LANGUAGE_STANDARD = gnu11;
				GCC_NO_COMMON_BLOCKS = YES;
				GCC_WARN_64_TO_32_BIT_CONVERSION = YES;
				GCC_WARN_ABOUT_RETURN_TYPE = YES_ERROR;
				GCC_WARN_UNDECLARED_SELECTOR = YES;
				GCC_WARN_UNINITIALIZED_AUTOS = YES_AGGRESSIVE;
				GCC_WARN_UNUSED_FUNCTION = YES;
				GCC_WARN_UNUSED_VARIABLE = YES;
				IPHONEOS_DEPLOYMENT_TARGET = 11.2;
				MTL_ENABLE_DEBUG_INFO = NO;
				SDKROOT = iphoneos;
				SWIFT_OPTIMIZATION_LEVEL = "-Owholemodule";
				VALIDATE_PRODUCT = YES;
			};
			name = Release;
		};
		E565355C20338922008F9D1C /* Debug */ = {
			isa = XCBuildConfiguration;
			baseConfigurationReference = 9D3763A1457379430EE53FC2 /* Pods-Karaoke.debug.xcconfig */;
			buildSettings = {
				ASSETCATALOG_COMPILER_APPICON_NAME = AppIcon;
				CLANG_ENABLE_MODULES = YES;
				CODE_SIGN_STYLE = Automatic;
				DEVELOPMENT_TEAM = 6QNQ63R334;
				INFOPLIST_FILE = Karaoke/Info.plist;
				IPHONEOS_DEPLOYMENT_TARGET = 11.0;
				LD_RUNPATH_SEARCH_PATHS = "$(inherited) @executable_path/Frameworks";
				PRODUCT_BUNDLE_IDENTIFIER = com.cmu.edu.08781.Karaoke;
				PRODUCT_NAME = "$(TARGET_NAME)";
				SWIFT_OBJC_BRIDGING_HEADER = "Karaoke/Library/Karaoke-Bridging-Header.h";
				SWIFT_OPTIMIZATION_LEVEL = "-Onone";
				SWIFT_VERSION = 4.0;
				TARGETED_DEVICE_FAMILY = "1,2";
			};
			name = Debug;
		};
		E565355D20338922008F9D1C /* Release */ = {
			isa = XCBuildConfiguration;
			baseConfigurationReference = 4CAA26661B11D1CCA37C82CE /* Pods-Karaoke.release.xcconfig */;
			buildSettings = {
				ASSETCATALOG_COMPILER_APPICON_NAME = AppIcon;
				CLANG_ENABLE_MODULES = YES;
				CODE_SIGN_STYLE = Automatic;
				DEVELOPMENT_TEAM = 6QNQ63R334;
				INFOPLIST_FILE = Karaoke/Info.plist;
				IPHONEOS_DEPLOYMENT_TARGET = 11.0;
				LD_RUNPATH_SEARCH_PATHS = "$(inherited) @executable_path/Frameworks";
				PRODUCT_BUNDLE_IDENTIFIER = com.cmu.edu.08781.Karaoke;
				PRODUCT_NAME = "$(TARGET_NAME)";
				SWIFT_OBJC_BRIDGING_HEADER = "Karaoke/Library/Karaoke-Bridging-Header.h";
				SWIFT_VERSION = 4.0;
				TARGETED_DEVICE_FAMILY = "1,2";
			};
			name = Release;
		};
		E565355F20338922008F9D1C /* Debug */ = {
			isa = XCBuildConfiguration;
			baseConfigurationReference = 42B3EF9185F20E0955F4B421 /* Pods-KaraokeTests.debug.xcconfig */;
			buildSettings = {
				ALWAYS_EMBED_SWIFT_STANDARD_LIBRARIES = YES;
				BUNDLE_LOADER = "$(TEST_HOST)";
				CODE_SIGN_STYLE = Automatic;
				DEVELOPMENT_TEAM = 6QNQ63R334;
				INFOPLIST_FILE = KaraokeTests/Info.plist;
				LD_RUNPATH_SEARCH_PATHS = "$(inherited) @executable_path/Frameworks @loader_path/Frameworks";
				PRODUCT_BUNDLE_IDENTIFIER = com.cmu.edu.08781.KaraokeTests;
				PRODUCT_NAME = "$(TARGET_NAME)";
				SWIFT_VERSION = 4.0;
				TARGETED_DEVICE_FAMILY = "1,2";
				TEST_HOST = "$(BUILT_PRODUCTS_DIR)/Karaoke.app/Karaoke";
			};
			name = Debug;
		};
		E565356020338922008F9D1C /* Release */ = {
			isa = XCBuildConfiguration;
			baseConfigurationReference = 45A482926C6B6391AAFE1425 /* Pods-KaraokeTests.release.xcconfig */;
			buildSettings = {
				ALWAYS_EMBED_SWIFT_STANDARD_LIBRARIES = YES;
				BUNDLE_LOADER = "$(TEST_HOST)";
				CODE_SIGN_STYLE = Automatic;
				DEVELOPMENT_TEAM = 6QNQ63R334;
				INFOPLIST_FILE = KaraokeTests/Info.plist;
				LD_RUNPATH_SEARCH_PATHS = "$(inherited) @executable_path/Frameworks @loader_path/Frameworks";
				PRODUCT_BUNDLE_IDENTIFIER = com.cmu.edu.08781.KaraokeTests;
				PRODUCT_NAME = "$(TARGET_NAME)";
				SWIFT_VERSION = 4.0;
				TARGETED_DEVICE_FAMILY = "1,2";
				TEST_HOST = "$(BUILT_PRODUCTS_DIR)/Karaoke.app/Karaoke";
			};
			name = Release;
		};
		E565356220338922008F9D1C /* Debug */ = {
			isa = XCBuildConfiguration;
			baseConfigurationReference = 22EC56A76624872FD11CD432 /* Pods-KaraokeUITests.debug.xcconfig */;
			buildSettings = {
				ALWAYS_EMBED_SWIFT_STANDARD_LIBRARIES = YES;
				CODE_SIGN_STYLE = Automatic;
				DEVELOPMENT_TEAM = 6QNQ63R334;
				INFOPLIST_FILE = KaraokeUITests/Info.plist;
				LD_RUNPATH_SEARCH_PATHS = "$(inherited) @executable_path/Frameworks @loader_path/Frameworks";
				PRODUCT_BUNDLE_IDENTIFIER = com.cmu.edu.08781.KaraokeUITests;
				PRODUCT_NAME = "$(TARGET_NAME)";
				SWIFT_VERSION = 4.0;
				TARGETED_DEVICE_FAMILY = "1,2";
				TEST_TARGET_NAME = Karaoke;
			};
			name = Debug;
		};
		E565356320338922008F9D1C /* Release */ = {
			isa = XCBuildConfiguration;
			baseConfigurationReference = 606DB893232364B5009C1C28 /* Pods-KaraokeUITests.release.xcconfig */;
			buildSettings = {
				ALWAYS_EMBED_SWIFT_STANDARD_LIBRARIES = YES;
				CODE_SIGN_STYLE = Automatic;
				DEVELOPMENT_TEAM = 6QNQ63R334;
				INFOPLIST_FILE = KaraokeUITests/Info.plist;
				LD_RUNPATH_SEARCH_PATHS = "$(inherited) @executable_path/Frameworks @loader_path/Frameworks";
				PRODUCT_BUNDLE_IDENTIFIER = com.cmu.edu.08781.KaraokeUITests;
				PRODUCT_NAME = "$(TARGET_NAME)";
				SWIFT_VERSION = 4.0;
				TARGETED_DEVICE_FAMILY = "1,2";
				TEST_TARGET_NAME = Karaoke;
			};
			name = Release;
		};
/* End XCBuildConfiguration section */

/* Begin XCConfigurationList section */
		E565352C20338921008F9D1C /* Build configuration list for PBXProject "Karaoke" */ = {
			isa = XCConfigurationList;
			buildConfigurations = (
				E565355920338922008F9D1C /* Debug */,
				E565355A20338922008F9D1C /* Release */,
			);
			defaultConfigurationIsVisible = 0;
			defaultConfigurationName = Release;
		};
		E565355B20338922008F9D1C /* Build configuration list for PBXNativeTarget "Karaoke" */ = {
			isa = XCConfigurationList;
			buildConfigurations = (
				E565355C20338922008F9D1C /* Debug */,
				E565355D20338922008F9D1C /* Release */,
			);
			defaultConfigurationIsVisible = 0;
			defaultConfigurationName = Release;
		};
		E565355E20338922008F9D1C /* Build configuration list for PBXNativeTarget "KaraokeTests" */ = {
			isa = XCConfigurationList;
			buildConfigurations = (
				E565355F20338922008F9D1C /* Debug */,
				E565356020338922008F9D1C /* Release */,
			);
			defaultConfigurationIsVisible = 0;
			defaultConfigurationName = Release;
		};
		E565356120338922008F9D1C /* Build configuration list for PBXNativeTarget "KaraokeUITests" */ = {
			isa = XCConfigurationList;
			buildConfigurations = (
				E565356220338922008F9D1C /* Debug */,
				E565356320338922008F9D1C /* Release */,
			);
			defaultConfigurationIsVisible = 0;
			defaultConfigurationName = Release;
		};
/* End XCConfigurationList section */
	};
	rootObject = E565352920338921008F9D1C /* Project object */;
}
